
Microsoft Visual Studio Solution File, Format Version 12.00
# Visual Studio Version 17
VisualStudioVersion = 17.10.35013.160
MinimumVisualStudioVersion = 10.0.40219.1
Project("{FAE04EC0-301F-11D3-BF4B-00C04F79EFBC}") = "Student Management System", "Student Management System\Student Management System.csproj", "{14110395-2697-4925-80FE-0B33B2704D22}"
EndProject
Project("{9A19103F-16F7-4668-BE54-9A1E7A4F7556}") = "StudentPortal.web", "..\StudentPortal\StudentPortal.web\StudentPortal.web.csproj", "{6BEBCC70-0C4B-4A76-B381-BD29B200B87D}"
EndProject
Project("{9A19103F-16F7-4668-BE54-9A1E7A4F7556}") = "EmployeeAdminPortal", "..\EmployeeAdminPortal\EmployeeAdminPortal\EmployeeAdminPortal.csproj", "{26F38DE5-D076-47EA-AD0B-3218A85935C1}"
EndProject
Global
	GlobalSection(SolutionConfigurationPlatforms) = preSolution
		Debug|Any CPU = Debug|Any CPU
		Release|Any CPU = Release|Any CPU
	EndGlobalSection
	GlobalSection(ProjectConfigurationPlatforms) = postSolution
		{14110395-2697-4925-80FE-0B33B2704D22}.Debug|Any CPU.ActiveCfg = Debug|Any CPU
		{14110395-2697-4925-80FE-0B33B2704D22}.Debug|Any CPU.Build.0 = Debug|Any CPU
		{14110395-2697-4925-80FE-0B33B2704D22}.Release|Any CPU.ActiveCfg = Release|Any CPU
		{14110395-2697-4925-80FE-0B33B2704D22}.Release|Any CPU.Build.0 = Release|Any CPU
		{6BEBCC70-0C4B-4A76-B381-BD29B200B87D}.Debug|Any CPU.ActiveCfg = Debug|Any CPU
		{6BEBCC70-0C4B-4A76-B381-BD29B200B87D}.Debug|Any CPU.Build.0 = Debug|Any CPU
		{6BEBCC70-0C4B-4A76-B381-BD29B200B87D}.Release|Any CPU.ActiveCfg = Release|Any CPU
		{6BEBCC70-0C4B-4A76-B381-BD29B200B87D}.Release|Any CPU.Build.0 = Release|Any CPU
		{26F38DE5-D076-47EA-AD0B-3218A85935C1}.Debug|Any CPU.ActiveCfg = Debug|Any CPU
		{26F38DE5-D076-47EA-AD0B-3218A85935C1}.Debug|Any CPU.Build.0 = Debug|Any CPU
		{26F38DE5-D076-47EA-AD0B-3218A85935C1}.Release|Any CPU.ActiveCfg = Release|Any CPU
		{26F38DE5-D076-47EA-AD0B-3218A85935C1}.Release|Any CPU.Build.0 = Release|Any CPU
	EndGlobalSection
	GlobalSection(SolutionProperties) = preSolution
		HideSolutionNode = FALSE
	EndGlobalSection
	GlobalSection(ExtensibilityGlobals) = postSolution
		SolutionGuid = {F780AC02-332B-4154-950B-4B7D9E979180}
	EndGlobalSection
EndGlobal
